# reviews-guard.lock — sha256 of each REPO file in reviews-guard.manifest.
# Regenerated by deploy.sh --reviews-changed when a widget change is intentional; commit alongside the change.
a7e63dc244b5a08b0fb7da6377c6eb07738616ba04383994dfaa87bc52e4f9ed  templates/page.reviews.json
a6530a6fec0fe7518c52ccc3637662f3398ffe2045b6134f19a731ea729a5b11  templates/product.clinical-strength-cream.json
4886aff22682f128371e5c9730f7ac3216b6886a690362788248c26a87817bb5  templates/product.clinical-strength-gel.json
5ac8ff2a96154acf38cee44fc89b7cd4dd26819958ae34d3e52d36ca0a18d8a2  templates/product.clinical-strength-spray.json
5c1d383a15a02f57c6ea2d0aa1fb93d019dc693f02658e13ae0a73069ab091d4  templates/product.advanced-strength-cream.json
be158b1a72f1cd40e418b1096e65c3675e995e3fdd7375cc96d28d90a1ccdf63  templates/product.advanced-strength-gel.json
74e9640bce6eb4223a2aed01e57e791aee47f7d13fc8322278493dc955414087  templates/product.advanced-strength-spray.json
8c3d3dad0ec153ee8c114ea54d28b7d7b8e956fc99eacd32f4de54104bfe54f1  templates/product.professional-strength-cream.json
5ae8478b255b4235233814e4fc87926743b81569beab45e065720e9185689727  templates/product.professional-strength-gel.json
d49525f11af868189bacf26d1434be2908ab122fd523d66320f1987a288e7531  templates/product.professional-strength-spray.json
8b7ae287acd245a1e843480d38f8863513c9320b248ee565b07961e671d5750a  templates/product.foaming-cleanser.json
c835f07891ef658d078a17e7835a07915b431c33de02dd946bc58da04e6629ae  templates/product.vitamin-a-d-ointment.json
b51d949fc83c5e8b7c49b1dd258582266c38d88ecf8d4e0ad3bd6f031ec0ff9a  templates/product.senseless-cosmetics-bag.json
7a010bfa4f98e5786e462e47f9a8edad349d91e2ad59b03cc8b99b57ea0e3f45  templates/product.bundle.json
42b7d010c6b27608ea0557b5ae21f08823fb46b8a8732cabc84d24c32bcc9dfc  sections/senseless-reviews.liquid
6b2e0a51e0840212acad486a8427461b4765b39064936170f25d141211e91f68  sections/senseless-product-hero.liquid
8683f239dbb070a61eb74d8e8ace9b698bba92d03f1221dd85b5bbdd9ce8f697  sections/senseless-collection-grid.liquid
7047f672801f4ce508a00c9260682ca64a35f1fc6806794ffba2617b4698ea13  sections/senseless-product-highlights.liquid
540b8fdc953bce438717dc0560811a292be4e4386252911c29fd1c99d42a811c  sections/senseless-cross-sell.liquid
325cc5be457c8833f8d0c3e00a178fd325f9005f4c2764d21eabaa363cf075a0  sections/senseless-product-showcase.liquid
a397e3734d54cd76a512779d82adc1ed97131441156a0d381b8f08bf505a8ccb  sections/senseless-trio-card-row.liquid
d561b6049dce98a82144d826d873ea6ccc19b219a78a60bd3c3b9796d739b54c  snippets/senseless-jdgm-badge.liquid
ade7c4bfca1be537187dd2441354f7dc51cd08ee8443686f6806adfdfa784bbf  snippets/senseless-structured-data.liquid
65b37978c81999d6edd876a6ee36d35d74cb8941860d2846cd6b1c9a13b055ca  blocks/review.liquid
93fa63c2f39f9c25c9737088cb22091b4169c4a385518ecd30af5fb4218701f6  config/settings_data.json
93fa63c2f39f9c25c9737088cb22091b4169c4a385518ecd30af5fb4218701f6  config/settings_data.json
93fa63c2f39f9c25c9737088cb22091b4169c4a385518ecd30af5fb4218701f6  config/settings_data.json
93fa63c2f39f9c25c9737088cb22091b4169c4a385518ecd30af5fb4218701f6  config/settings_data.json
