# reviews-guard.lock — sha256 of each REPO file in reviews-guard.manifest.
# Regenerated by deploy.sh --reviews-changed when a widget change is intentional; commit alongside the change.
a7e63dc244b5a08b0fb7da6377c6eb07738616ba04383994dfaa87bc52e4f9ed  templates/page.reviews.json
e9c4ce9b5708f4a2679413886850c4a914ee8e01f89a77930e68fb9c9f994b9a  templates/product.clinical-strength-cream.json
9f3dfd9218649a8837a5bc8751a07e0459c454764db43e49587cb61b4b1bdde9  templates/product.clinical-strength-gel.json
94e959ce84be1dc1c111ca5cb15361337624399675ffe399ba2b983a87af89f1  templates/product.clinical-strength-spray.json
b927380b98ac0752d24e7b3acb58192e27ff1b19383a1a2c56640274f630c060  templates/product.advanced-strength-cream.json
997dc7954c8f5ffd21b3bc9c90cb1c96a72c1dc4debed3059a3eec2bb12b0232  templates/product.advanced-strength-gel.json
2f99f2eb27810f6fbc93d914570df4a86497e4003f55ab2dce9ce6cb0eb043ff  templates/product.advanced-strength-spray.json
c8bc37f1f6e4e315071df56a9ae0f7a2175730ac93cc1ab675dcef4951bd05fa  templates/product.professional-strength-cream.json
258d9042b9e0d12d700ec57874f63395d04bf8e116c3e80bd728a8578913c688  templates/product.professional-strength-gel.json
3c6a18e5c31be89a41939b5bafa862e00a477a603e99cd271e18090434900d9a  templates/product.professional-strength-spray.json
1d7c8af926298a31af8d6877ec59683a767e763a703db627508a77588edfcabd  templates/product.foaming-cleanser.json
857027b89eee25a8edc8afc9f384ef334811c3738efd18b780f838d79497b94b  templates/product.vitamin-a-d-ointment.json
824c14103569e984396a2e8bb302b0d2190e452e7737330962eff271c472c95f  templates/product.senseless-cosmetics-bag.json
4945c4def24d59bf8f838fcff90e0fe92d3d5e42f46514a7670370575ffb0c68  templates/product.bundle.json
42b7d010c6b27608ea0557b5ae21f08823fb46b8a8732cabc84d24c32bcc9dfc  sections/senseless-reviews.liquid
6b2e0a51e0840212acad486a8427461b4765b39064936170f25d141211e91f68  sections/senseless-product-hero.liquid
8683f239dbb070a61eb74d8e8ace9b698bba92d03f1221dd85b5bbdd9ce8f697  sections/senseless-collection-grid.liquid
7047f672801f4ce508a00c9260682ca64a35f1fc6806794ffba2617b4698ea13  sections/senseless-product-highlights.liquid
540b8fdc953bce438717dc0560811a292be4e4386252911c29fd1c99d42a811c  sections/senseless-cross-sell.liquid
325cc5be457c8833f8d0c3e00a178fd325f9005f4c2764d21eabaa363cf075a0  sections/senseless-product-showcase.liquid
a397e3734d54cd76a512779d82adc1ed97131441156a0d381b8f08bf505a8ccb  sections/senseless-trio-card-row.liquid
d561b6049dce98a82144d826d873ea6ccc19b219a78a60bd3c3b9796d739b54c  snippets/senseless-jdgm-badge.liquid
ade7c4bfca1be537187dd2441354f7dc51cd08ee8443686f6806adfdfa784bbf  snippets/senseless-structured-data.liquid
65b37978c81999d6edd876a6ee36d35d74cb8941860d2846cd6b1c9a13b055ca  blocks/review.liquid
93fa63c2f39f9c25c9737088cb22091b4169c4a385518ecd30af5fb4218701f6  config/settings_data.json
93fa63c2f39f9c25c9737088cb22091b4169c4a385518ecd30af5fb4218701f6  config/settings_data.json
93fa63c2f39f9c25c9737088cb22091b4169c4a385518ecd30af5fb4218701f6  config/settings_data.json
93fa63c2f39f9c25c9737088cb22091b4169c4a385518ecd30af5fb4218701f6  config/settings_data.json
