# reviews-guard.lock — sha256 of each REPO file in reviews-guard.manifest.
# Regenerated by deploy.sh --reviews-changed when a widget change is intentional; commit alongside the change.
a7e63dc244b5a08b0fb7da6377c6eb07738616ba04383994dfaa87bc52e4f9ed  templates/page.reviews.json
2174e348ce34437b6c8bf31453c53e106f006e9246334120f467bc4ab449adf4  templates/product.json
62da7c5fcb80d6f7e4153b8874aa26ff3dfa1e9be1ed98a167ad69018e03ff2b  templates/product.clinical-strength-cream.json
2496b5eda886cec080593471f242b9bc39aec7c17d27e2605ac1c4510062d4f4  templates/product.clinical-strength-gel.json
e88a3621dbd681aef7c17b8385ac396a2688f19197f8f42b01f3abf81d108969  templates/product.clinical-strength-spray.json
b7cb72a2cea573f9281f0c5adaf55e89cc388583033c70a487d4e64cdedaeb39  templates/product.advanced-strength-cream.json
884a4ca3702e1a036dc8d6259cee0a1f14283b14be03043fe2df7b1011080a51  templates/product.advanced-strength-gel.json
a93d03c7c334c9f8e2cc7e85ba9bd6b9a53608b26d67c11be99eee76cf90aa86  templates/product.advanced-strength-spray.json
71b3712863dd222663bd491293b3bd627eb23aa2891e9c9dafd1a9e3244bb47e  templates/product.professional-strength-cream.json
12e52ea5cdf25b25af6299b378208095b1d28e68a85d31c21de7039ef24c279e  templates/product.professional-strength-gel.json
b112f3507ae1cb9c0f43e27d61806522f5723c6fb3013118a9380220c5968703  templates/product.professional-strength-spray.json
a82c132df66471d986de65f3d18c8b44c5c5e4af85152274141b969f3e57a7ae  templates/product.foaming-cleanser.json
a80ceff7d99af71f5f84ef69313602c70fbe95e7a64c56cb6494d054a66383c1  templates/product.bundle.json
42b7d010c6b27608ea0557b5ae21f08823fb46b8a8732cabc84d24c32bcc9dfc  sections/senseless-reviews.liquid
b97abd60610383dcd9214cae66e7c2c17b9eafd57ecdc23e03aa80b827c4520a  sections/senseless-product-hero.liquid
9c3fabe95f0777cceb3957d7e19ba04d094c54a5119fcfb16c790b5efbf1488e  sections/senseless-collection-grid.liquid
984c979dd772fbb350a566180b96eec81a9a0c09a199a0db30c7f8c88dcebea6  sections/senseless-product-highlights.liquid
540b8fdc953bce438717dc0560811a292be4e4386252911c29fd1c99d42a811c  sections/senseless-cross-sell.liquid
325cc5be457c8833f8d0c3e00a178fd325f9005f4c2764d21eabaa363cf075a0  sections/senseless-product-showcase.liquid
691a8afb208cfff52cf1ef60f50ed088c772186f368b8c7c54486090f8238dda  sections/senseless-trio-card-row.liquid
7db0296d861c080e9428ef6b1b2f98ecfec367583bfcaf95d291c7113c4b20c4  snippets/senseless-structured-data.liquid
65b37978c81999d6edd876a6ee36d35d74cb8941860d2846cd6b1c9a13b055ca  blocks/review.liquid
9bdf789901964b4b22b722ebcafe6e56c8aaffb75db26085244fa44d02816638  config/settings_data.json
9bdf789901964b4b22b722ebcafe6e56c8aaffb75db26085244fa44d02816638  config/settings_data.json
9bdf789901964b4b22b722ebcafe6e56c8aaffb75db26085244fa44d02816638  config/settings_data.json
9bdf789901964b4b22b722ebcafe6e56c8aaffb75db26085244fa44d02816638  config/settings_data.json
